
Microsoft Visual Studio Solution File, Format Version 10.00
# Visual Studio 2008
Project("{8BC9CEB8-8B4A-11D0-8D11-00A0C91BC942}") = "10-28-2", "10-28-2.vcproj", "{FBA00918-3DC7-4A05-A58D-96E823D57BCB}"
EndProject
Global
	GlobalSection(SolutionConfigurationPlatforms) = preSolution
		Debug|Win32 = Debug|Win32
		Release|Win32 = Release|Win32
	EndGlobalSection
	GlobalSection(ProjectConfigurationPlatforms) = postSolution
		{FBA00918-3DC7-4A05-A58D-96E823D57BCB}.Debug|Win32.ActiveCfg = Debug|Win32
		{FBA00918-3DC7-4A05-A58D-96E823D57BCB}.Debug|Win32.Build.0 = Debug|Win32
		{FBA00918-3DC7-4A05-A58D-96E823D57BCB}.Release|Win32.ActiveCfg = Release|Win32
		{FBA00918-3DC7-4A05-A58D-96E823D57BCB}.Release|Win32.Build.0 = Release|Win32
	EndGlobalSection
	GlobalSection(SolutionProperties) = preSolution
		HideSolutionNode = FALSE
	EndGlobalSection
EndGlobal
