
Microsoft Visual Studio Solution File, Format Version 10.00
# Visual Studio 2008
Project("{8BC9CEB8-8B4A-11D0-8D11-00A0C91BC942}") = "erchashu", "erchashu.vcproj", "{477466B0-971A-4A48-9762-C754D770805E}"
EndProject
Global
	GlobalSection(SolutionConfigurationPlatforms) = preSolution
		Debug|Win32 = Debug|Win32
		Release|Win32 = Release|Win32
	EndGlobalSection
	GlobalSection(ProjectConfigurationPlatforms) = postSolution
		{477466B0-971A-4A48-9762-C754D770805E}.Debug|Win32.ActiveCfg = Debug|Win32
		{477466B0-971A-4A48-9762-C754D770805E}.Debug|Win32.Build.0 = Debug|Win32
		{477466B0-971A-4A48-9762-C754D770805E}.Release|Win32.ActiveCfg = Release|Win32
		{477466B0-971A-4A48-9762-C754D770805E}.Release|Win32.Build.0 = Release|Win32
	EndGlobalSection
	GlobalSection(SolutionProperties) = preSolution
		HideSolutionNode = FALSE
	EndGlobalSection
EndGlobal
