
Microsoft Visual Studio Solution File, Format Version 10.00
# Visual Studio 2008
Project("{8BC9CEB8-8B4A-11D0-8D11-00A0C91BC942}") = "10-30-1", "10-30-1.vcproj", "{E83BEC38-2AE3-4F04-8CE6-115588A4E7D0}"
EndProject
Global
	GlobalSection(SolutionConfigurationPlatforms) = preSolution
		Debug|Win32 = Debug|Win32
		Release|Win32 = Release|Win32
	EndGlobalSection
	GlobalSection(ProjectConfigurationPlatforms) = postSolution
		{E83BEC38-2AE3-4F04-8CE6-115588A4E7D0}.Debug|Win32.ActiveCfg = Debug|Win32
		{E83BEC38-2AE3-4F04-8CE6-115588A4E7D0}.Debug|Win32.Build.0 = Debug|Win32
		{E83BEC38-2AE3-4F04-8CE6-115588A4E7D0}.Release|Win32.ActiveCfg = Release|Win32
		{E83BEC38-2AE3-4F04-8CE6-115588A4E7D0}.Release|Win32.Build.0 = Release|Win32
	EndGlobalSection
	GlobalSection(SolutionProperties) = preSolution
		HideSolutionNode = FALSE
	EndGlobalSection
EndGlobal
