
Microsoft Visual Studio Solution File, Format Version 10.00
# Visual Studio 2008
Project("{8BC9CEB8-8B4A-11D0-8D11-00A0C91BC942}") = "10-30-4", "10-30-4.vcproj", "{6B395A36-9D3A-423E-88C5-E09CA0209AE9}"
EndProject
Global
	GlobalSection(SolutionConfigurationPlatforms) = preSolution
		Debug|Win32 = Debug|Win32
		Release|Win32 = Release|Win32
	EndGlobalSection
	GlobalSection(ProjectConfigurationPlatforms) = postSolution
		{6B395A36-9D3A-423E-88C5-E09CA0209AE9}.Debug|Win32.ActiveCfg = Debug|Win32
		{6B395A36-9D3A-423E-88C5-E09CA0209AE9}.Debug|Win32.Build.0 = Debug|Win32
		{6B395A36-9D3A-423E-88C5-E09CA0209AE9}.Release|Win32.ActiveCfg = Release|Win32
		{6B395A36-9D3A-423E-88C5-E09CA0209AE9}.Release|Win32.Build.0 = Release|Win32
	EndGlobalSection
	GlobalSection(SolutionProperties) = preSolution
		HideSolutionNode = FALSE
	EndGlobalSection
EndGlobal
