
Microsoft Visual Studio Solution File, Format Version 10.00
# Visual Studio 2008
Project("{8BC9CEB8-8B4A-11D0-8D11-00A0C91BC942}") = "11-2-1", "11-2-1.vcproj", "{C5F10BF2-34A2-41BB-902D-BD47AC9CFAFB}"
EndProject
Global
	GlobalSection(SolutionConfigurationPlatforms) = preSolution
		Debug|Win32 = Debug|Win32
		Release|Win32 = Release|Win32
	EndGlobalSection
	GlobalSection(ProjectConfigurationPlatforms) = postSolution
		{C5F10BF2-34A2-41BB-902D-BD47AC9CFAFB}.Debug|Win32.ActiveCfg = Debug|Win32
		{C5F10BF2-34A2-41BB-902D-BD47AC9CFAFB}.Debug|Win32.Build.0 = Debug|Win32
		{C5F10BF2-34A2-41BB-902D-BD47AC9CFAFB}.Release|Win32.ActiveCfg = Release|Win32
		{C5F10BF2-34A2-41BB-902D-BD47AC9CFAFB}.Release|Win32.Build.0 = Release|Win32
	EndGlobalSection
	GlobalSection(SolutionProperties) = preSolution
		HideSolutionNode = FALSE
	EndGlobalSection
EndGlobal
