
Microsoft Visual Studio Solution File, Format Version 10.00
# Visual Studio 2008
Project("{8BC9CEB8-8B4A-11D0-8D11-00A0C91BC942}") = "10-30-3", "10-30-3.vcproj", "{CE9485EB-87D1-455E-A5A2-40C7137805C9}"
EndProject
Global
	GlobalSection(SolutionConfigurationPlatforms) = preSolution
		Debug|Win32 = Debug|Win32
		Release|Win32 = Release|Win32
	EndGlobalSection
	GlobalSection(ProjectConfigurationPlatforms) = postSolution
		{CE9485EB-87D1-455E-A5A2-40C7137805C9}.Debug|Win32.ActiveCfg = Debug|Win32
		{CE9485EB-87D1-455E-A5A2-40C7137805C9}.Debug|Win32.Build.0 = Debug|Win32
		{CE9485EB-87D1-455E-A5A2-40C7137805C9}.Release|Win32.ActiveCfg = Release|Win32
		{CE9485EB-87D1-455E-A5A2-40C7137805C9}.Release|Win32.Build.0 = Release|Win32
	EndGlobalSection
	GlobalSection(SolutionProperties) = preSolution
		HideSolutionNode = FALSE
	EndGlobalSection
EndGlobal
