
Microsoft Visual Studio Solution File, Format Version 10.00
# Visual Studio 2008
Project("{8BC9CEB8-8B4A-11D0-8D11-00A0C91BC942}") = "4-1", "4-1.vcproj", "{C03254F2-54E4-45C1-A45E-F50F412E552B}"
EndProject
Global
	GlobalSection(SolutionConfigurationPlatforms) = preSolution
		Debug|Win32 = Debug|Win32
		Release|Win32 = Release|Win32
	EndGlobalSection
	GlobalSection(ProjectConfigurationPlatforms) = postSolution
		{C03254F2-54E4-45C1-A45E-F50F412E552B}.Debug|Win32.ActiveCfg = Debug|Win32
		{C03254F2-54E4-45C1-A45E-F50F412E552B}.Debug|Win32.Build.0 = Debug|Win32
		{C03254F2-54E4-45C1-A45E-F50F412E552B}.Release|Win32.ActiveCfg = Release|Win32
		{C03254F2-54E4-45C1-A45E-F50F412E552B}.Release|Win32.Build.0 = Release|Win32
	EndGlobalSection
	GlobalSection(SolutionProperties) = preSolution
		HideSolutionNode = FALSE
	EndGlobalSection
EndGlobal
