
Microsoft Visual Studio Solution File, Format Version 10.00
# Visual Studio 2008
Project("{8BC9CEB8-8B4A-11D0-8D11-00A0C91BC942}") = "20181011", "20181011.vcproj", "{80191D90-EC41-4010-97D9-233FBF316876}"
EndProject
Global
	GlobalSection(SolutionConfigurationPlatforms) = preSolution
		Debug|Win32 = Debug|Win32
		Release|Win32 = Release|Win32
	EndGlobalSection
	GlobalSection(ProjectConfigurationPlatforms) = postSolution
		{80191D90-EC41-4010-97D9-233FBF316876}.Debug|Win32.ActiveCfg = Debug|Win32
		{80191D90-EC41-4010-97D9-233FBF316876}.Debug|Win32.Build.0 = Debug|Win32
		{80191D90-EC41-4010-97D9-233FBF316876}.Release|Win32.ActiveCfg = Release|Win32
		{80191D90-EC41-4010-97D9-233FBF316876}.Release|Win32.Build.0 = Release|Win32
	EndGlobalSection
	GlobalSection(SolutionProperties) = preSolution
		HideSolutionNode = FALSE
	EndGlobalSection
EndGlobal
