
Microsoft Visual Studio Solution File, Format Version 10.00
# Visual Studio 2008
Project("{8BC9CEB8-8B4A-11D0-8D11-00A0C91BC942}") = "19-2", "19-2.vcproj", "{09DAB52E-6A4A-4845-8270-252303E0C2DD}"
EndProject
Global
	GlobalSection(SolutionConfigurationPlatforms) = preSolution
		Debug|Win32 = Debug|Win32
		Release|Win32 = Release|Win32
	EndGlobalSection
	GlobalSection(ProjectConfigurationPlatforms) = postSolution
		{09DAB52E-6A4A-4845-8270-252303E0C2DD}.Debug|Win32.ActiveCfg = Debug|Win32
		{09DAB52E-6A4A-4845-8270-252303E0C2DD}.Debug|Win32.Build.0 = Debug|Win32
		{09DAB52E-6A4A-4845-8270-252303E0C2DD}.Release|Win32.ActiveCfg = Release|Win32
		{09DAB52E-6A4A-4845-8270-252303E0C2DD}.Release|Win32.Build.0 = Release|Win32
	EndGlobalSection
	GlobalSection(SolutionProperties) = preSolution
		HideSolutionNode = FALSE
	EndGlobalSection
EndGlobal
